
Microsoft Visual Studio Solution File, Format Version 12.00
# Visual Studio 15
Project("{FAE04EC0-301F-11D3-BF4B-00C04F79EFBC}") = "Assembly-CSharp", "Assembly-CSharp.csproj", "{3482E397-CF23-E0BC-F751-F38F943B706F}"
EndProject
Project("{FAE04EC0-301F-11D3-BF4B-00C04F79EFBC}") = "Assembly-CSharp-firstpass", "Assembly-CSharp-firstpass.csproj", "{A15AB440-540A-EA63-520A-4E01E3C9E1ED}"
EndProject
Project("{FAE04EC0-301F-11D3-BF4B-00C04F79EFBC}") = "Assembly-CSharp-Editor-firstpass", "Assembly-CSharp-Editor-firstpass.csproj", "{E80CEEA7-A7E0-A19B-A359-3C90C30CD321}"
EndProject
Project("{FAE04EC0-301F-11D3-BF4B-00C04F79EFBC}") = "Assembly-CSharp-Editor", "Assembly-CSharp-Editor.csproj", "{942F5CC8-3303-EEF7-A45C-BB52AC5E6A2E}"
EndProject
Global
	GlobalSection(SolutionConfigurationPlatforms) = preSolution
		Debug|Any CPU = Debug|Any CPU
		Release|Any CPU = Release|Any CPU
	EndGlobalSection
	GlobalSection(ProjectConfigurationPlatforms) = postSolution
		{3482E397-CF23-E0BC-F751-F38F943B706F}.Debug|Any CPU.ActiveCfg = Debug|Any CPU
		{3482E397-CF23-E0BC-F751-F38F943B706F}.Debug|Any CPU.Build.0 = Debug|Any CPU
		{3482E397-CF23-E0BC-F751-F38F943B706F}.Release|Any CPU.ActiveCfg = Release|Any CPU
		{3482E397-CF23-E0BC-F751-F38F943B706F}.Release|Any CPU.Build.0 = Release|Any CPU
		{A15AB440-540A-EA63-520A-4E01E3C9E1ED}.Debug|Any CPU.ActiveCfg = Debug|Any CPU
		{A15AB440-540A-EA63-520A-4E01E3C9E1ED}.Debug|Any CPU.Build.0 = Debug|Any CPU
		{A15AB440-540A-EA63-520A-4E01E3C9E1ED}.Release|Any CPU.ActiveCfg = Release|Any CPU
		{A15AB440-540A-EA63-520A-4E01E3C9E1ED}.Release|Any CPU.Build.0 = Release|Any CPU
		{E80CEEA7-A7E0-A19B-A359-3C90C30CD321}.Debug|Any CPU.ActiveCfg = Debug|Any CPU
		{E80CEEA7-A7E0-A19B-A359-3C90C30CD321}.Debug|Any CPU.Build.0 = Debug|Any CPU
		{E80CEEA7-A7E0-A19B-A359-3C90C30CD321}.Release|Any CPU.ActiveCfg = Release|Any CPU
		{E80CEEA7-A7E0-A19B-A359-3C90C30CD321}.Release|Any CPU.Build.0 = Release|Any CPU
		{942F5CC8-3303-EEF7-A45C-BB52AC5E6A2E}.Debug|Any CPU.ActiveCfg = Debug|Any CPU
		{942F5CC8-3303-EEF7-A45C-BB52AC5E6A2E}.Debug|Any CPU.Build.0 = Debug|Any CPU
		{942F5CC8-3303-EEF7-A45C-BB52AC5E6A2E}.Release|Any CPU.ActiveCfg = Release|Any CPU
		{942F5CC8-3303-EEF7-A45C-BB52AC5E6A2E}.Release|Any CPU.Build.0 = Release|Any CPU
	EndGlobalSection
	GlobalSection(SolutionProperties) = preSolution
		HideSolutionNode = FALSE
	EndGlobalSection
EndGlobal
